
Microsoft Visual Studio Solution File, Format Version 12.00
# Visual Studio Version 17
VisualStudioVersion = 17.9.34607.119
MinimumVisualStudioVersion = 10.0.40219.1
Project("{2150E333-8FDC-42A3-9474-1A3956D46DE8}") = "Chapter01", "Chapter01", "{FC4CCCBA-CD8B-44FA-A0DD-684A65E7512E}"
EndProject
Project("{FAE04EC0-301F-11D3-BF4B-00C04F79EFBC}") = "ProductSample", "Chapter01\ProductSample\ProductSample.csproj", "{2C0C9673-CE2B-4018-B860-2E98D20EF63B}"
EndProject
Project("{FAE04EC0-301F-11D3-BF4B-00C04F79EFBC}") = "Sample_p38", "Chapter01\Sample_p38\Sample_p38.csproj", "{F002A949-3D2D-4F93-982C-7AD7E28B66EB}"
EndProject
Project("{2150E333-8FDC-42A3-9474-1A3956D46DE8}") = "Chapter02", "Chapter02", "{DCF38367-F858-4AB1-9B30-F7625869C1A2}"
EndProject
Project("{2150E333-8FDC-42A3-9474-1A3956D46DE8}") = "距離換算プログラム", "距離換算プログラム", "{EF0F9AD5-4E68-4CAC-895E-A9FF44F8618B}"
EndProject
Project("{FAE04EC0-301F-11D3-BF4B-00C04F79EFBC}") = "DistanceConverter", "Chapter02\DistanceConverter\DistanceConverter.csproj", "{B7990B6A-6091-4739-B270-2229C2944C6A}"
EndProject
Project("{2150E333-8FDC-42A3-9474-1A3956D46DE8}") = "売上集計プログラム", "売上集計プログラム", "{8FBF3980-1187-43AD-BE45-7417A9ED5EE9}"
EndProject
Project("{FAE04EC0-301F-11D3-BF4B-00C04F79EFBC}") = "SalesCounter", "Chapter02\SalesCounter\SalesCounter.csproj", "{093D59F4-7D13-4317-BCA0-FD34774E8C74}"
EndProject
Project("{2150E333-8FDC-42A3-9474-1A3956D46DE8}") = "#演習問題", "#演習問題", "{219A92EC-B55B-4F68-BED7-6CFE287AA0B4}"
EndProject
Project("{FAE04EC0-301F-11D3-BF4B-00C04F79EFBC}") = "Exercise1", "Chapter02\演習問題\Exercise1\Exercise1.csproj", "{4766AF74-1AF7-47E1-B665-D9E1C0D7A7AF}"
EndProject
Project("{FAE04EC0-301F-11D3-BF4B-00C04F79EFBC}") = "Exercise2", "Chapter02\演習問題\Exercize2\Exercise2.csproj", "{44108CF4-5507-4DCD-9E0C-6E59332FC9FF}"
EndProject
Project("{2150E333-8FDC-42A3-9474-1A3956D46DE8}") = "FormApps", "FormApps", "{D8A602B3-F243-41AA-AFCF-BEC6D45212FC}"
EndProject
Project("{9A19103F-16F7-4668-BE54-9A1E7A4F7556}") = "BallApp", "FormApps\BallApp\BallApp.csproj", "{60D61D93-8552-47CD-A5CC-F005ECA4BF57}"
EndProject
Project("{2150E333-8FDC-42A3-9474-1A3956D46DE8}") = "Chapter03", "Chapter03", "{F72F9A0B-412E-44BF-9F45-7259526FE078}"
EndProject
Project("{FAE04EC0-301F-11D3-BF4B-00C04F79EFBC}") = "Section01", "Chapter03\Section01\Section01.csproj", "{68DECC95-05B4-4221-8E77-A7D3E1FE2741}"
EndProject
Project("{2150E333-8FDC-42A3-9474-1A3956D46DE8}") = "演習問題", "演習問題", "{8CA07C22-CE5D-4B5D-A6BF-A5127F7CA407}"
EndProject
Project("{FAE04EC0-301F-11D3-BF4B-00C04F79EFBC}") = "Exercise01", "Chapter03\演習問題\Exercise01\Exercise01.csproj", "{5CCCB071-27AB-40B7-A636-F0ECDC8A1F78}"
EndProject
Project("{FAE04EC0-301F-11D3-BF4B-00C04F79EFBC}") = "Exercise02", "Chapter03\演習問題\Exercise02\Exercise02.csproj", "{F149F543-563E-47C9-996A-A3E8ECE32B22}"
EndProject
Project("{2150E333-8FDC-42A3-9474-1A3956D46DE8}") = "Chapter04", "Chapter04", "{4AF6E87A-23E9-4006-ADFB-81A19B08EAEE}"
EndProject
Project("{FAE04EC0-301F-11D3-BF4B-00C04F79EFBC}") = "Section01", "Chapter04\Section01\Section01.csproj", "{33AFB6E2-EE43-4628-9890-DFABCACC6C88}"
EndProject
Project("{2150E333-8FDC-42A3-9474-1A3956D46DE8}") = "演習問題", "演習問題", "{BE669E9F-F81D-4C15-B7D9-89C512E1EF85}"
EndProject
Project("{FAE04EC0-301F-11D3-BF4B-00C04F79EFBC}") = "Exercise01", "Chapter04\演習問題\Exercise01\Exercise01.csproj", "{85D13EB8-CA26-4C3C-89EC-53CBFD1B1773}"
EndProject
Project("{FAE04EC0-301F-11D3-BF4B-00C04F79EFBC}") = "Exercise02", "Chapter04\演習問題\Exercise02\Exercise02.csproj", "{71C37442-09AD-4D4F-BC4E-1E5557F80759}"
EndProject
Project("{2150E333-8FDC-42A3-9474-1A3956D46DE8}") = "Chapter05", "Chapter05", "{66FCE02F-B1B7-4210-80F4-A41CAEAA355A}"
EndProject
Project("{2150E333-8FDC-42A3-9474-1A3956D46DE8}") = "演習問題", "演習問題", "{68A0DDF7-D3AC-483A-A9BB-D782B85B9222}"
EndProject
Project("{FAE04EC0-301F-11D3-BF4B-00C04F79EFBC}") = "Exercise01", "Chapter05\演習問題\Exercise01\Exercise01.csproj", "{2A007B93-6E7E-4DEE-80F6-905189919C2C}"
EndProject
Project("{FAE04EC0-301F-11D3-BF4B-00C04F79EFBC}") = "Exercise02", "Chapter05\演習問題\Exercise02\Exercise02.csproj", "{B0431F63-D710-4E4B-AD2D-74511AF735DF}"
EndProject
Project("{FAE04EC0-301F-11D3-BF4B-00C04F79EFBC}") = "Exercise03", "Chapter05\演習問題\Exercise03\Exercise03.csproj", "{B77EF2C5-8B6B-4392-94FB-43A1740EA9F9}"
EndProject
Project("{FAE04EC0-301F-11D3-BF4B-00C04F79EFBC}") = "Exercise04", "Chapter05\演習問題\Exercise04\Exercise04.csproj", "{7A0F6D94-E2D2-45DC-B3AD-28FE49C28CAC}"
EndProject
Global
	GlobalSection(SolutionConfigurationPlatforms) = preSolution
		Debug|Any CPU = Debug|Any CPU
		Release|Any CPU = Release|Any CPU
	EndGlobalSection
	GlobalSection(ProjectConfigurationPlatforms) = postSolution
		{2C0C9673-CE2B-4018-B860-2E98D20EF63B}.Debug|Any CPU.ActiveCfg = Debug|Any CPU
		{2C0C9673-CE2B-4018-B860-2E98D20EF63B}.Debug|Any CPU.Build.0 = Debug|Any CPU
		{2C0C9673-CE2B-4018-B860-2E98D20EF63B}.Release|Any CPU.ActiveCfg = Release|Any CPU
		{2C0C9673-CE2B-4018-B860-2E98D20EF63B}.Release|Any CPU.Build.0 = Release|Any CPU
		{F002A949-3D2D-4F93-982C-7AD7E28B66EB}.Debug|Any CPU.ActiveCfg = Debug|Any CPU
		{F002A949-3D2D-4F93-982C-7AD7E28B66EB}.Debug|Any CPU.Build.0 = Debug|Any CPU
		{F002A949-3D2D-4F93-982C-7AD7E28B66EB}.Release|Any CPU.ActiveCfg = Release|Any CPU
		{F002A949-3D2D-4F93-982C-7AD7E28B66EB}.Release|Any CPU.Build.0 = Release|Any CPU
		{B7990B6A-6091-4739-B270-2229C2944C6A}.Debug|Any CPU.ActiveCfg = Debug|Any CPU
		{B7990B6A-6091-4739-B270-2229C2944C6A}.Debug|Any CPU.Build.0 = Debug|Any CPU
		{B7990B6A-6091-4739-B270-2229C2944C6A}.Release|Any CPU.ActiveCfg = Release|Any CPU
		{B7990B6A-6091-4739-B270-2229C2944C6A}.Release|Any CPU.Build.0 = Release|Any CPU
		{093D59F4-7D13-4317-BCA0-FD34774E8C74}.Debug|Any CPU.ActiveCfg = Debug|Any CPU
		{093D59F4-7D13-4317-BCA0-FD34774E8C74}.Debug|Any CPU.Build.0 = Debug|Any CPU
		{093D59F4-7D13-4317-BCA0-FD34774E8C74}.Release|Any CPU.ActiveCfg = Release|Any CPU
		{093D59F4-7D13-4317-BCA0-FD34774E8C74}.Release|Any CPU.Build.0 = Release|Any CPU
		{4766AF74-1AF7-47E1-B665-D9E1C0D7A7AF}.Debug|Any CPU.ActiveCfg = Debug|Any CPU
		{4766AF74-1AF7-47E1-B665-D9E1C0D7A7AF}.Debug|Any CPU.Build.0 = Debug|Any CPU
		{4766AF74-1AF7-47E1-B665-D9E1C0D7A7AF}.Release|Any CPU.ActiveCfg = Release|Any CPU
		{4766AF74-1AF7-47E1-B665-D9E1C0D7A7AF}.Release|Any CPU.Build.0 = Release|Any CPU
		{44108CF4-5507-4DCD-9E0C-6E59332FC9FF}.Debug|Any CPU.ActiveCfg = Debug|Any CPU
		{44108CF4-5507-4DCD-9E0C-6E59332FC9FF}.Debug|Any CPU.Build.0 = Debug|Any CPU
		{44108CF4-5507-4DCD-9E0C-6E59332FC9FF}.Release|Any CPU.ActiveCfg = Release|Any CPU
		{44108CF4-5507-4DCD-9E0C-6E59332FC9FF}.Release|Any CPU.Build.0 = Release|Any CPU
		{60D61D93-8552-47CD-A5CC-F005ECA4BF57}.Debug|Any CPU.ActiveCfg = Debug|Any CPU
		{60D61D93-8552-47CD-A5CC-F005ECA4BF57}.Debug|Any CPU.Build.0 = Debug|Any CPU
		{60D61D93-8552-47CD-A5CC-F005ECA4BF57}.Release|Any CPU.ActiveCfg = Release|Any CPU
		{60D61D93-8552-47CD-A5CC-F005ECA4BF57}.Release|Any CPU.Build.0 = Release|Any CPU
		{68DECC95-05B4-4221-8E77-A7D3E1FE2741}.Debug|Any CPU.ActiveCfg = Debug|Any CPU
		{68DECC95-05B4-4221-8E77-A7D3E1FE2741}.Debug|Any CPU.Build.0 = Debug|Any CPU
		{68DECC95-05B4-4221-8E77-A7D3E1FE2741}.Release|Any CPU.ActiveCfg = Release|Any CPU
		{68DECC95-05B4-4221-8E77-A7D3E1FE2741}.Release|Any CPU.Build.0 = Release|Any CPU
		{5CCCB071-27AB-40B7-A636-F0ECDC8A1F78}.Debug|Any CPU.ActiveCfg = Debug|Any CPU
		{5CCCB071-27AB-40B7-A636-F0ECDC8A1F78}.Debug|Any CPU.Build.0 = Debug|Any CPU
		{5CCCB071-27AB-40B7-A636-F0ECDC8A1F78}.Release|Any CPU.ActiveCfg = Release|Any CPU
		{5CCCB071-27AB-40B7-A636-F0ECDC8A1F78}.Release|Any CPU.Build.0 = Release|Any CPU
		{F149F543-563E-47C9-996A-A3E8ECE32B22}.Debug|Any CPU.ActiveCfg = Debug|Any CPU
		{F149F543-563E-47C9-996A-A3E8ECE32B22}.Debug|Any CPU.Build.0 = Debug|Any CPU
		{F149F543-563E-47C9-996A-A3E8ECE32B22}.Release|Any CPU.ActiveCfg = Release|Any CPU
		{F149F543-563E-47C9-996A-A3E8ECE32B22}.Release|Any CPU.Build.0 = Release|Any CPU
		{33AFB6E2-EE43-4628-9890-DFABCACC6C88}.Debug|Any CPU.ActiveCfg = Debug|Any CPU
		{33AFB6E2-EE43-4628-9890-DFABCACC6C88}.Debug|Any CPU.Build.0 = Debug|Any CPU
		{33AFB6E2-EE43-4628-9890-DFABCACC6C88}.Release|Any CPU.ActiveCfg = Release|Any CPU
		{33AFB6E2-EE43-4628-9890-DFABCACC6C88}.Release|Any CPU.Build.0 = Release|Any CPU
		{85D13EB8-CA26-4C3C-89EC-53CBFD1B1773}.Debug|Any CPU.ActiveCfg = Debug|Any CPU
		{85D13EB8-CA26-4C3C-89EC-53CBFD1B1773}.Debug|Any CPU.Build.0 = Debug|Any CPU
		{85D13EB8-CA26-4C3C-89EC-53CBFD1B1773}.Release|Any CPU.ActiveCfg = Release|Any CPU
		{85D13EB8-CA26-4C3C-89EC-53CBFD1B1773}.Release|Any CPU.Build.0 = Release|Any CPU
		{71C37442-09AD-4D4F-BC4E-1E5557F80759}.Debug|Any CPU.ActiveCfg = Debug|Any CPU
		{71C37442-09AD-4D4F-BC4E-1E5557F80759}.Debug|Any CPU.Build.0 = Debug|Any CPU
		{71C37442-09AD-4D4F-BC4E-1E5557F80759}.Release|Any CPU.ActiveCfg = Release|Any CPU
		{71C37442-09AD-4D4F-BC4E-1E5557F80759}.Release|Any CPU.Build.0 = Release|Any CPU
		{2A007B93-6E7E-4DEE-80F6-905189919C2C}.Debug|Any CPU.ActiveCfg = Debug|Any CPU
		{2A007B93-6E7E-4DEE-80F6-905189919C2C}.Debug|Any CPU.Build.0 = Debug|Any CPU
		{2A007B93-6E7E-4DEE-80F6-905189919C2C}.Release|Any CPU.ActiveCfg = Release|Any CPU
		{2A007B93-6E7E-4DEE-80F6-905189919C2C}.Release|Any CPU.Build.0 = Release|Any CPU
		{B0431F63-D710-4E4B-AD2D-74511AF735DF}.Debug|Any CPU.ActiveCfg = Debug|Any CPU
		{B0431F63-D710-4E4B-AD2D-74511AF735DF}.Debug|Any CPU.Build.0 = Debug|Any CPU
		{B0431F63-D710-4E4B-AD2D-74511AF735DF}.Release|Any CPU.ActiveCfg = Release|Any CPU
		{B0431F63-D710-4E4B-AD2D-74511AF735DF}.Release|Any CPU.Build.0 = Release|Any CPU
		{B77EF2C5-8B6B-4392-94FB-43A1740EA9F9}.Debug|Any CPU.ActiveCfg = Debug|Any CPU
		{B77EF2C5-8B6B-4392-94FB-43A1740EA9F9}.Debug|Any CPU.Build.0 = Debug|Any CPU
		{B77EF2C5-8B6B-4392-94FB-43A1740EA9F9}.Release|Any CPU.ActiveCfg = Release|Any CPU
		{B77EF2C5-8B6B-4392-94FB-43A1740EA9F9}.Release|Any CPU.Build.0 = Release|Any CPU
		{7A0F6D94-E2D2-45DC-B3AD-28FE49C28CAC}.Debug|Any CPU.ActiveCfg = Debug|Any CPU
		{7A0F6D94-E2D2-45DC-B3AD-28FE49C28CAC}.Debug|Any CPU.Build.0 = Debug|Any CPU
		{7A0F6D94-E2D2-45DC-B3AD-28FE49C28CAC}.Release|Any CPU.ActiveCfg = Release|Any CPU
		{7A0F6D94-E2D2-45DC-B3AD-28FE49C28CAC}.Release|Any CPU.Build.0 = Release|Any CPU
	EndGlobalSection
	GlobalSection(SolutionProperties) = preSolution
		HideSolutionNode = FALSE
	EndGlobalSection
	GlobalSection(NestedProjects) = preSolution
		{2C0C9673-CE2B-4018-B860-2E98D20EF63B} = {FC4CCCBA-CD8B-44FA-A0DD-684A65E7512E}
		{F002A949-3D2D-4F93-982C-7AD7E28B66EB} = {FC4CCCBA-CD8B-44FA-A0DD-684A65E7512E}
		{EF0F9AD5-4E68-4CAC-895E-A9FF44F8618B} = {DCF38367-F858-4AB1-9B30-F7625869C1A2}
		{B7990B6A-6091-4739-B270-2229C2944C6A} = {EF0F9AD5-4E68-4CAC-895E-A9FF44F8618B}
		{8FBF3980-1187-43AD-BE45-7417A9ED5EE9} = {DCF38367-F858-4AB1-9B30-F7625869C1A2}
		{093D59F4-7D13-4317-BCA0-FD34774E8C74} = {8FBF3980-1187-43AD-BE45-7417A9ED5EE9}
		{219A92EC-B55B-4F68-BED7-6CFE287AA0B4} = {DCF38367-F858-4AB1-9B30-F7625869C1A2}
		{4766AF74-1AF7-47E1-B665-D9E1C0D7A7AF} = {219A92EC-B55B-4F68-BED7-6CFE287AA0B4}
		{44108CF4-5507-4DCD-9E0C-6E59332FC9FF} = {219A92EC-B55B-4F68-BED7-6CFE287AA0B4}
		{60D61D93-8552-47CD-A5CC-F005ECA4BF57} = {D8A602B3-F243-41AA-AFCF-BEC6D45212FC}
		{68DECC95-05B4-4221-8E77-A7D3E1FE2741} = {F72F9A0B-412E-44BF-9F45-7259526FE078}
		{8CA07C22-CE5D-4B5D-A6BF-A5127F7CA407} = {F72F9A0B-412E-44BF-9F45-7259526FE078}
		{5CCCB071-27AB-40B7-A636-F0ECDC8A1F78} = {8CA07C22-CE5D-4B5D-A6BF-A5127F7CA407}
		{F149F543-563E-47C9-996A-A3E8ECE32B22} = {8CA07C22-CE5D-4B5D-A6BF-A5127F7CA407}
		{33AFB6E2-EE43-4628-9890-DFABCACC6C88} = {4AF6E87A-23E9-4006-ADFB-81A19B08EAEE}
		{BE669E9F-F81D-4C15-B7D9-89C512E1EF85} = {4AF6E87A-23E9-4006-ADFB-81A19B08EAEE}
		{85D13EB8-CA26-4C3C-89EC-53CBFD1B1773} = {BE669E9F-F81D-4C15-B7D9-89C512E1EF85}
		{71C37442-09AD-4D4F-BC4E-1E5557F80759} = {BE669E9F-F81D-4C15-B7D9-89C512E1EF85}
		{68A0DDF7-D3AC-483A-A9BB-D782B85B9222} = {66FCE02F-B1B7-4210-80F4-A41CAEAA355A}
		{2A007B93-6E7E-4DEE-80F6-905189919C2C} = {68A0DDF7-D3AC-483A-A9BB-D782B85B9222}
		{B0431F63-D710-4E4B-AD2D-74511AF735DF} = {68A0DDF7-D3AC-483A-A9BB-D782B85B9222}
		{B77EF2C5-8B6B-4392-94FB-43A1740EA9F9} = {68A0DDF7-D3AC-483A-A9BB-D782B85B9222}
		{7A0F6D94-E2D2-45DC-B3AD-28FE49C28CAC} = {68A0DDF7-D3AC-483A-A9BB-D782B85B9222}
	EndGlobalSection
	GlobalSection(ExtensibilityGlobals) = postSolution
		SolutionGuid = {2557AB8E-7E21-41F1-B39D-0460303551DA}
	EndGlobalSection
EndGlobal
