
Microsoft Visual Studio Solution File, Format Version 12.00
# Visual Studio Version 17
VisualStudioVersion = 17.9.34607.119
MinimumVisualStudioVersion = 10.0.40219.1
Project("{2150E333-8FDC-42A3-9474-1A3956D46DE8}") = "Chapter01", "Chapter01", "{FC4CCCBA-CD8B-44FA-A0DD-684A65E7512E}"
EndProject
Project("{FAE04EC0-301F-11D3-BF4B-00C04F79EFBC}") = "ProductSample", "Chapter01\ProductSample\ProductSample.csproj", "{2C0C9673-CE2B-4018-B860-2E98D20EF63B}"
EndProject
Project("{FAE04EC0-301F-11D3-BF4B-00C04F79EFBC}") = "Sample_p38", "Chapter01\Sample_p38\Sample_p38.csproj", "{F002A949-3D2D-4F93-982C-7AD7E28B66EB}"
EndProject
Project("{2150E333-8FDC-42A3-9474-1A3956D46DE8}") = "Chapter02", "Chapter02", "{DCF38367-F858-4AB1-9B30-F7625869C1A2}"
EndProject
Project("{2150E333-8FDC-42A3-9474-1A3956D46DE8}") = "距離換算プログラム", "距離換算プログラム", "{EF0F9AD5-4E68-4CAC-895E-A9FF44F8618B}"
EndProject
Project("{FAE04EC0-301F-11D3-BF4B-00C04F79EFBC}") = "DistanceConverter", "Chapter02\DistanceConverter\DistanceConverter.csproj", "{B7990B6A-6091-4739-B270-2229C2944C6A}"
EndProject
Project("{2150E333-8FDC-42A3-9474-1A3956D46DE8}") = "売上集計プログラム", "売上集計プログラム", "{8FBF3980-1187-43AD-BE45-7417A9ED5EE9}"
EndProject
Project("{FAE04EC0-301F-11D3-BF4B-00C04F79EFBC}") = "SalesCounter", "Chapter02\SalesCounter\SalesCounter.csproj", "{093D59F4-7D13-4317-BCA0-FD34774E8C74}"
EndProject
Project("{2150E333-8FDC-42A3-9474-1A3956D46DE8}") = "#演習問題", "#演習問題", "{219A92EC-B55B-4F68-BED7-6CFE287AA0B4}"
EndProject
Project("{FAE04EC0-301F-11D3-BF4B-00C04F79EFBC}") = "Exercise1", "Chapter02\演習問題\Exercise1\Exercise1.csproj", "{4766AF74-1AF7-47E1-B665-D9E1C0D7A7AF}"
EndProject
Project("{FAE04EC0-301F-11D3-BF4B-00C04F79EFBC}") = "Exercise2", "Chapter02\演習問題\Exercize2\Exercise2.csproj", "{44108CF4-5507-4DCD-9E0C-6E59332FC9FF}"
EndProject
Project("{2150E333-8FDC-42A3-9474-1A3956D46DE8}") = "FormApps", "FormApps", "{D8A602B3-F243-41AA-AFCF-BEC6D45212FC}"
EndProject
Project("{9A19103F-16F7-4668-BE54-9A1E7A4F7556}") = "BallApp", "FormApps\BallApp\BallApp.csproj", "{60D61D93-8552-47CD-A5CC-F005ECA4BF57}"
EndProject
Project("{2150E333-8FDC-42A3-9474-1A3956D46DE8}") = "Chapter03", "Chapter03", "{F72F9A0B-412E-44BF-9F45-7259526FE078}"
EndProject
Project("{FAE04EC0-301F-11D3-BF4B-00C04F79EFBC}") = "Section01", "Chapter03\Section01\Section01.csproj", "{68DECC95-05B4-4221-8E77-A7D3E1FE2741}"
EndProject
Project("{2150E333-8FDC-42A3-9474-1A3956D46DE8}") = "演習問題", "演習問題", "{8CA07C22-CE5D-4B5D-A6BF-A5127F7CA407}"
EndProject
Project("{FAE04EC0-301F-11D3-BF4B-00C04F79EFBC}") = "Exercise01", "Chapter03\演習問題\Exercise01\Exercise01.csproj", "{5CCCB071-27AB-40B7-A636-F0ECDC8A1F78}"
EndProject
Project("{FAE04EC0-301F-11D3-BF4B-00C04F79EFBC}") = "Exercise02", "Chapter03\演習問題\Exercise02\Exercise02.csproj", "{F149F543-563E-47C9-996A-A3E8ECE32B22}"
EndProject
Project("{2150E333-8FDC-42A3-9474-1A3956D46DE8}") = "Chapter04", "Chapter04", "{4AF6E87A-23E9-4006-ADFB-81A19B08EAEE}"
EndProject
Project("{FAE04EC0-301F-11D3-BF4B-00C04F79EFBC}") = "Section01", "Chapter04\Section01\Section01.csproj", "{33AFB6E2-EE43-4628-9890-DFABCACC6C88}"
EndProject
Project("{2150E333-8FDC-42A3-9474-1A3956D46DE8}") = "演習問題", "演習問題", "{BE669E9F-F81D-4C15-B7D9-89C512E1EF85}"
EndProject
Project("{FAE04EC0-301F-11D3-BF4B-00C04F79EFBC}") = "Exercise01", "Chapter04\演習問題\Exercise01\Exercise01.csproj", "{85D13EB8-CA26-4C3C-89EC-53CBFD1B1773}"
EndProject
Project("{FAE04EC0-301F-11D3-BF4B-00C04F79EFBC}") = "Exercise02", "Chapter04\演習問題\Exercise02\Exercise02.csproj", "{71C37442-09AD-4D4F-BC4E-1E5557F80759}"
EndProject
Project("{2150E333-8FDC-42A3-9474-1A3956D46DE8}") = "Chapter05", "Chapter05", "{66FCE02F-B1B7-4210-80F4-A41CAEAA355A}"
EndProject
Project("{2150E333-8FDC-42A3-9474-1A3956D46DE8}") = "演習問題", "演習問題", "{68A0DDF7-D3AC-483A-A9BB-D782B85B9222}"
EndProject
Project("{FAE04EC0-301F-11D3-BF4B-00C04F79EFBC}") = "Exercise01", "Chapter05\演習問題\Exercise01\Exercise01.csproj", "{2A007B93-6E7E-4DEE-80F6-905189919C2C}"
EndProject
Project("{FAE04EC0-301F-11D3-BF4B-00C04F79EFBC}") = "Exercise02", "Chapter05\演習問題\Exercise02\Exercise02.csproj", "{B0431F63-D710-4E4B-AD2D-74511AF735DF}"
EndProject
Project("{FAE04EC0-301F-11D3-BF4B-00C04F79EFBC}") = "Exercise03", "Chapter05\演習問題\Exercise03\Exercise03.csproj", "{B77EF2C5-8B6B-4392-94FB-43A1740EA9F9}"
EndProject
Project("{FAE04EC0-301F-11D3-BF4B-00C04F79EFBC}") = "Exercise04", "Chapter05\演習問題\Exercise04\Exercise04.csproj", "{7A0F6D94-E2D2-45DC-B3AD-28FE49C28CAC}"
EndProject
Project("{2150E333-8FDC-42A3-9474-1A3956D46DE8}") = "Chapter06", "Chapter06", "{7B6ACF3C-77EE-4EAA-A060-D525C19699F3}"
EndProject
Project("{FAE04EC0-301F-11D3-BF4B-00C04F79EFBC}") = "Section01", "Chapter06\Section01\Section01.csproj", "{17920B74-A7AE-4EC8-A756-15D56E017AAE}"
EndProject
Project("{2150E333-8FDC-42A3-9474-1A3956D46DE8}") = "演習問題", "演習問題", "{014F87C3-C0EF-4ADE-9E63-FC037DFD9E40}"
EndProject
Project("{FAE04EC0-301F-11D3-BF4B-00C04F79EFBC}") = "Exercise01", "Chapter06\演習問題\Exercise01\Exercise01.csproj", "{80A27F74-A487-4605-9590-EF1440394AF9}"
EndProject
Project("{FAE04EC0-301F-11D3-BF4B-00C04F79EFBC}") = "Exercise02", "Chapter06\演習問題\Exercise02\Exercise02.csproj", "{2F9FE2E5-48DE-4D89-B2D0-07927C9A4D10}"
EndProject
Project("{2150E333-8FDC-42A3-9474-1A3956D46DE8}") = "Chapter07", "Chapter07", "{5CBE8D8E-D680-496E-B712-4F28EC9EC0F9}"
EndProject
Project("{FAE04EC0-301F-11D3-BF4B-00C04F79EFBC}") = "Section01", "Chapter07\Section01\Section01.csproj", "{31494B8D-2276-4590-AFF4-CFE4CD15B560}"
EndProject
Project("{FAE04EC0-301F-11D3-BF4B-00C04F79EFBC}") = "Section02", "Chapter07\Section02\Section02.csproj", "{82B36E25-A4F5-4383-BA09-25068DF58A1D}"
EndProject
Project("{2150E333-8FDC-42A3-9474-1A3956D46DE8}") = "Test2406", "Test2406", "{646C337D-1FF0-49C7-BA25-4449E1ADBB99}"
EndProject
Project("{FAE04EC0-301F-11D3-BF4B-00C04F79EFBC}") = "Test01", "TestProject\Test01\Test01.csproj", "{2BFACDC3-F44D-4199-8498-F5C3C4AC0335}"
EndProject
Project("{FAE04EC0-301F-11D3-BF4B-00C04F79EFBC}") = "Test02", "TestProject\Test02\Test02.csproj", "{E461C0A8-8900-485C-B520-E929BA33F712}"
EndProject
Project("{FAE04EC0-301F-11D3-BF4B-00C04F79EFBC}") = "Section03", "Chapter07\Section03\Section03.csproj", "{C377E0BD-0696-4A86-BF74-23B382111344}"
EndProject
Project("{FAE04EC0-301F-11D3-BF4B-00C04F79EFBC}") = "Section04", "Chapter07\Section04\Section04.csproj", "{1A48C920-8A98-4EE5-B7E0-16B07E4B2395}"
EndProject
Project("{2150E333-8FDC-42A3-9474-1A3956D46DE8}") = "Chapter08", "Chapter08", "{A03D0EC1-E786-4270-9546-72A39DB338FB}"
EndProject
Project("{FAE04EC0-301F-11D3-BF4B-00C04F79EFBC}") = "Section01", "Chapter08\Section01\Section01.csproj", "{E307ECC0-94F8-46F3-96A9-6EB7E7493A45}"
EndProject
Project("{9A19103F-16F7-4668-BE54-9A1E7A4F7556}") = "DateTimeApp", "FormApps\DateTimeApp\DateTimeApp.csproj", "{A082B64A-9473-427F-9AF6-4C49FD602900}"
EndProject
Project("{2150E333-8FDC-42A3-9474-1A3956D46DE8}") = "演習問題", "演習問題", "{7F6009A2-4B5B-4E4C-91AA-81B013EC3D25}"
EndProject
Project("{9A19103F-16F7-4668-BE54-9A1E7A4F7556}") = "Excercise01", "Chapter08\演習問題\Excercise01\Excercise01.csproj", "{2C15E651-7511-46B2-A383-5536289DB0C9}"
EndProject
Project("{9A19103F-16F7-4668-BE54-9A1E7A4F7556}") = "CarReportSystem", "FormApps\CarReportSystem\CarReportSystem.csproj", "{7F1FF887-E9BA-4A70-A03C-D7B42C14BD68}"
EndProject
Project("{2150E333-8FDC-42A3-9474-1A3956D46DE8}") = "Chapter11", "Chapter11", "{C54B1647-3827-49AC-A05C-9C7669BD20BD}"
EndProject
Project("{FAE04EC0-301F-11D3-BF4B-00C04F79EFBC}") = "Section01", "Chapter11\Section01\Section01.csproj", "{84401D8F-8EB0-4C64-87D3-7DB9D98DBC2E}"
EndProject
Project("{2150E333-8FDC-42A3-9474-1A3956D46DE8}") = "演習問題", "演習問題", "{2B1E028D-D3D5-469B-A9EF-0E7AED71E507}"
EndProject
Project("{FAE04EC0-301F-11D3-BF4B-00C04F79EFBC}") = "Exercise01", "Chapter11\演習問題\Exercise01\Exercise01.csproj", "{C760D19C-BD26-4BB5-ABD5-D31E939E6388}"
EndProject
Project("{2150E333-8FDC-42A3-9474-1A3956D46DE8}") = "Chapter12", "Chapter12", "{B18E51AF-1F5C-41DD-80CF-410AA511E34D}"
EndProject
Project("{FAE04EC0-301F-11D3-BF4B-00C04F79EFBC}") = "Section01", "Chapter12\Section01\Section01.csproj", "{A803E5B9-5878-4271-AEE2-1DC9E3B3997C}"
EndProject
Project("{2150E333-8FDC-42A3-9474-1A3956D46DE8}") = "演習問題", "演習問題", "{3E7CD04B-735E-4200-9528-78DEEEC8DA98}"
EndProject
Project("{FAE04EC0-301F-11D3-BF4B-00C04F79EFBC}") = "Exersise01", "Chapter12\演習問題\Exersise01\Exersise01.csproj", "{B3D10BA1-23AD-43CE-8094-B26A81D1E83F}"
EndProject
Project("{FAE04EC0-301F-11D3-BF4B-00C04F79EFBC}") = "Section02", "Chapter12\新しいフォルダー\Section02\Section02.csproj", "{756188D8-AAE8-4973-A202-D4C700D71A0A}"
EndProject
Project("{FAE04EC0-301F-11D3-BF4B-00C04F79EFBC}") = "RssReader", "FormApps\RssReader\RssReader.csproj", "{5A9BFBEF-6D8A-4E35-A66A-BCF1B6EB0477}"
EndProject
Project("{2150E333-8FDC-42A3-9474-1A3956D46DE8}") = "Chapter13", "Chapter13", "{C6B3834A-4A4E-4671-8661-C0FF17E82A1F}"
EndProject
Project("{FAE04EC0-301F-11D3-BF4B-00C04F79EFBC}") = "SampleEntityFramework", "Chapter13\SampleEntityFramework\SampleEntityFramework.csproj", "{BAB87C96-78F6-4CA0-AE7F-C56D14B19EEC}"
EndProject
Project("{FAE04EC0-301F-11D3-BF4B-00C04F79EFBC}") = "ADOSample", "FormApps\ADOSample\ADOSample.csproj", "{412A4B4E-AFEE-477D-92B6-63CE9A25B223}"
EndProject
Project("{2150E333-8FDC-42A3-9474-1A3956D46DE8}") = "Chapter15", "Chapter15", "{F06499BB-5C0B-4028-A8D1-57255BF8138A}"
EndProject
Project("{FAE04EC0-301F-11D3-BF4B-00C04F79EFBC}") = "Section01", "Chapter15\Section01\Section01.csproj", "{5CBF9696-AA63-4FBE-B602-E8D3BE997867}"
EndProject
Project("{2150E333-8FDC-42A3-9474-1A3956D46DE8}") = "演習問題", "演習問題", "{0E9FB375-BCEF-419F-8776-7A4456D92B82}"
EndProject
Project("{FAE04EC0-301F-11D3-BF4B-00C04F79EFBC}") = "Exercise01", "Chapter15\演習問題\Exercise01\Exercise01.csproj", "{74462AC5-7FDE-48CC-A061-D00C66276484}"
EndProject
Project("{2150E333-8FDC-42A3-9474-1A3956D46DE8}") = "Chapter16", "Chapter16", "{976C5F49-EB60-4543-9439-DDE04B129D63}"
EndProject
Project("{FAE04EC0-301F-11D3-BF4B-00C04F79EFBC}") = "Section03", "Chapter16\Section03\Section03.csproj", "{86E55BAF-FB7B-4E64-975B-D9131FF83F38}"
EndProject
Project("{FAE04EC0-301F-11D3-BF4B-00C04F79EFBC}") = "Section04", "Chapter16\Section04\Section04.csproj", "{48A423D2-39AF-4472-871C-1DE364F58794}"
EndProject
Project("{2150E333-8FDC-42A3-9474-1A3956D46DE8}") = "Chapter17", "Chapter17", "{1A3E00B5-F632-448D-83ED-DC43843EA6C3}"
EndProject
Project("{FAE04EC0-301F-11D3-BF4B-00C04F79EFBC}") = "Section01", "Chapter17\Section01\Section01.csproj", "{7B423A87-9AEB-4BB4-B5D9-A41669E7606D}"
EndProject
Project("{FAE04EC0-301F-11D3-BF4B-00C04F79EFBC}") = "Section02", "Chapter17\Section02\Section02.csproj", "{12D272A7-C9D9-44BF-B8E6-2DED31A4E36B}"
EndProject
Project("{2150E333-8FDC-42A3-9474-1A3956D46DE8}") = "TemplateMethod", "TemplateMethod", "{CF199782-561E-46C9-987D-9271C03F2DB0}"
EndProject
Project("{FAE04EC0-301F-11D3-BF4B-00C04F79EFBC}") = "TextFileProcessor", "Chapter17\TemplateMethod\TextFileProcessor\TextFileProcessor.csproj", "{1B38514E-BE0A-4BA8-821C-D8D7C02F9729}"
EndProject
Project("{FAE04EC0-301F-11D3-BF4B-00C04F79EFBC}") = "LineCounter", "Chapter17\TemplateMethod\LineCounter\LineCounter.csproj", "{D1879F05-9BC9-4C9F-B644-2408951F6451}"
EndProject
Project("{2150E333-8FDC-42A3-9474-1A3956D46DE8}") = "Strategy", "Strategy", "{B6CCEF85-3BDD-4F09-AB0C-9609A12CDBA9}"
EndProject
Project("{FAE04EC0-301F-11D3-BF4B-00C04F79EFBC}") = "DistanceConverter", "Chapter17\Strategy\DistanceConverter\DistanceConverter.csproj", "{62E4B349-44F2-4A36-ABD2-46F05FD3EA84}"
EndProject
Project("{FAE04EC0-301F-11D3-BF4B-00C04F79EFBC}") = "TextNuberSizeChange", "Chapter17\TemplateMethod\TextNumberSizeChange\TextNuberSizeChange.csproj", "{D90F3F91-22FE-4490-96E7-2101C951EC82}"
EndProject
Project("{2150E333-8FDC-42A3-9474-1A3956D46DE8}") = "WBF", "WBF", "{408EEE17-4D92-41AA-A438-E7BB7A2A46DE}"
EndProject
Project("{FAE04EC0-301F-11D3-BF4B-00C04F79EFBC}") = "SampleApplication", "WPF\SampleApplication\SampleApplication.csproj", "{504B808E-5CCF-499B-8AE7-2BDEB2240ED4}"
EndProject
Project("{FAE04EC0-301F-11D3-BF4B-00C04F79EFBC}") = "GridSample", "WPF\GridSample\GridSample.csproj", "{43AAB973-884E-4D08-80DF-ED0906CC6395}"
EndProject
Project("{FAE04EC0-301F-11D3-BF4B-00C04F79EFBC}") = "SampleSlider", "WPF\SampleSlider\SampleSlider.csproj", "{FB1A2BA7-C5BC-42D7-B934-CE36A3247C4D}"
EndProject
Project("{FAE04EC0-301F-11D3-BF4B-00C04F79EFBC}") = "CollorChecker", "WPF\CollorChecker\CollorChecker.csproj", "{1B9F19E0-C193-484F-8C29-00ABC091B733}"
EndProject
Global
	GlobalSection(SolutionConfigurationPlatforms) = preSolution
		Debug|Any CPU = Debug|Any CPU
		Release|Any CPU = Release|Any CPU
	EndGlobalSection
	GlobalSection(ProjectConfigurationPlatforms) = postSolution
		{2C0C9673-CE2B-4018-B860-2E98D20EF63B}.Debug|Any CPU.ActiveCfg = Debug|Any CPU
		{2C0C9673-CE2B-4018-B860-2E98D20EF63B}.Debug|Any CPU.Build.0 = Debug|Any CPU
		{2C0C9673-CE2B-4018-B860-2E98D20EF63B}.Release|Any CPU.ActiveCfg = Release|Any CPU
		{2C0C9673-CE2B-4018-B860-2E98D20EF63B}.Release|Any CPU.Build.0 = Release|Any CPU
		{F002A949-3D2D-4F93-982C-7AD7E28B66EB}.Debug|Any CPU.ActiveCfg = Debug|Any CPU
		{F002A949-3D2D-4F93-982C-7AD7E28B66EB}.Debug|Any CPU.Build.0 = Debug|Any CPU
		{F002A949-3D2D-4F93-982C-7AD7E28B66EB}.Release|Any CPU.ActiveCfg = Release|Any CPU
		{F002A949-3D2D-4F93-982C-7AD7E28B66EB}.Release|Any CPU.Build.0 = Release|Any CPU
		{B7990B6A-6091-4739-B270-2229C2944C6A}.Debug|Any CPU.ActiveCfg = Debug|Any CPU
		{B7990B6A-6091-4739-B270-2229C2944C6A}.Debug|Any CPU.Build.0 = Debug|Any CPU
		{B7990B6A-6091-4739-B270-2229C2944C6A}.Release|Any CPU.ActiveCfg = Release|Any CPU
		{B7990B6A-6091-4739-B270-2229C2944C6A}.Release|Any CPU.Build.0 = Release|Any CPU
		{093D59F4-7D13-4317-BCA0-FD34774E8C74}.Debug|Any CPU.ActiveCfg = Debug|Any CPU
		{093D59F4-7D13-4317-BCA0-FD34774E8C74}.Debug|Any CPU.Build.0 = Debug|Any CPU
		{093D59F4-7D13-4317-BCA0-FD34774E8C74}.Release|Any CPU.ActiveCfg = Release|Any CPU
		{093D59F4-7D13-4317-BCA0-FD34774E8C74}.Release|Any CPU.Build.0 = Release|Any CPU
		{4766AF74-1AF7-47E1-B665-D9E1C0D7A7AF}.Debug|Any CPU.ActiveCfg = Debug|Any CPU
		{4766AF74-1AF7-47E1-B665-D9E1C0D7A7AF}.Debug|Any CPU.Build.0 = Debug|Any CPU
		{4766AF74-1AF7-47E1-B665-D9E1C0D7A7AF}.Release|Any CPU.ActiveCfg = Release|Any CPU
		{4766AF74-1AF7-47E1-B665-D9E1C0D7A7AF}.Release|Any CPU.Build.0 = Release|Any CPU
		{44108CF4-5507-4DCD-9E0C-6E59332FC9FF}.Debug|Any CPU.ActiveCfg = Debug|Any CPU
		{44108CF4-5507-4DCD-9E0C-6E59332FC9FF}.Debug|Any CPU.Build.0 = Debug|Any CPU
		{44108CF4-5507-4DCD-9E0C-6E59332FC9FF}.Release|Any CPU.ActiveCfg = Release|Any CPU
		{44108CF4-5507-4DCD-9E0C-6E59332FC9FF}.Release|Any CPU.Build.0 = Release|Any CPU
		{60D61D93-8552-47CD-A5CC-F005ECA4BF57}.Debug|Any CPU.ActiveCfg = Debug|Any CPU
		{60D61D93-8552-47CD-A5CC-F005ECA4BF57}.Debug|Any CPU.Build.0 = Debug|Any CPU
		{60D61D93-8552-47CD-A5CC-F005ECA4BF57}.Release|Any CPU.ActiveCfg = Release|Any CPU
		{60D61D93-8552-47CD-A5CC-F005ECA4BF57}.Release|Any CPU.Build.0 = Release|Any CPU
		{68DECC95-05B4-4221-8E77-A7D3E1FE2741}.Debug|Any CPU.ActiveCfg = Debug|Any CPU
		{68DECC95-05B4-4221-8E77-A7D3E1FE2741}.Debug|Any CPU.Build.0 = Debug|Any CPU
		{68DECC95-05B4-4221-8E77-A7D3E1FE2741}.Release|Any CPU.ActiveCfg = Release|Any CPU
		{68DECC95-05B4-4221-8E77-A7D3E1FE2741}.Release|Any CPU.Build.0 = Release|Any CPU
		{5CCCB071-27AB-40B7-A636-F0ECDC8A1F78}.Debug|Any CPU.ActiveCfg = Debug|Any CPU
		{5CCCB071-27AB-40B7-A636-F0ECDC8A1F78}.Debug|Any CPU.Build.0 = Debug|Any CPU
		{5CCCB071-27AB-40B7-A636-F0ECDC8A1F78}.Release|Any CPU.ActiveCfg = Release|Any CPU
		{5CCCB071-27AB-40B7-A636-F0ECDC8A1F78}.Release|Any CPU.Build.0 = Release|Any CPU
		{F149F543-563E-47C9-996A-A3E8ECE32B22}.Debug|Any CPU.ActiveCfg = Debug|Any CPU
		{F149F543-563E-47C9-996A-A3E8ECE32B22}.Debug|Any CPU.Build.0 = Debug|Any CPU
		{F149F543-563E-47C9-996A-A3E8ECE32B22}.Release|Any CPU.ActiveCfg = Release|Any CPU
		{F149F543-563E-47C9-996A-A3E8ECE32B22}.Release|Any CPU.Build.0 = Release|Any CPU
		{33AFB6E2-EE43-4628-9890-DFABCACC6C88}.Debug|Any CPU.ActiveCfg = Debug|Any CPU
		{33AFB6E2-EE43-4628-9890-DFABCACC6C88}.Debug|Any CPU.Build.0 = Debug|Any CPU
		{33AFB6E2-EE43-4628-9890-DFABCACC6C88}.Release|Any CPU.ActiveCfg = Release|Any CPU
		{33AFB6E2-EE43-4628-9890-DFABCACC6C88}.Release|Any CPU.Build.0 = Release|Any CPU
		{85D13EB8-CA26-4C3C-89EC-53CBFD1B1773}.Debug|Any CPU.ActiveCfg = Debug|Any CPU
		{85D13EB8-CA26-4C3C-89EC-53CBFD1B1773}.Debug|Any CPU.Build.0 = Debug|Any CPU
		{85D13EB8-CA26-4C3C-89EC-53CBFD1B1773}.Release|Any CPU.ActiveCfg = Release|Any CPU
		{85D13EB8-CA26-4C3C-89EC-53CBFD1B1773}.Release|Any CPU.Build.0 = Release|Any CPU
		{71C37442-09AD-4D4F-BC4E-1E5557F80759}.Debug|Any CPU.ActiveCfg = Debug|Any CPU
		{71C37442-09AD-4D4F-BC4E-1E5557F80759}.Debug|Any CPU.Build.0 = Debug|Any CPU
		{71C37442-09AD-4D4F-BC4E-1E5557F80759}.Release|Any CPU.ActiveCfg = Release|Any CPU
		{71C37442-09AD-4D4F-BC4E-1E5557F80759}.Release|Any CPU.Build.0 = Release|Any CPU
		{2A007B93-6E7E-4DEE-80F6-905189919C2C}.Debug|Any CPU.ActiveCfg = Debug|Any CPU
		{2A007B93-6E7E-4DEE-80F6-905189919C2C}.Debug|Any CPU.Build.0 = Debug|Any CPU
		{2A007B93-6E7E-4DEE-80F6-905189919C2C}.Release|Any CPU.ActiveCfg = Release|Any CPU
		{2A007B93-6E7E-4DEE-80F6-905189919C2C}.Release|Any CPU.Build.0 = Release|Any CPU
		{B0431F63-D710-4E4B-AD2D-74511AF735DF}.Debug|Any CPU.ActiveCfg = Debug|Any CPU
		{B0431F63-D710-4E4B-AD2D-74511AF735DF}.Debug|Any CPU.Build.0 = Debug|Any CPU
		{B0431F63-D710-4E4B-AD2D-74511AF735DF}.Release|Any CPU.ActiveCfg = Release|Any CPU
		{B0431F63-D710-4E4B-AD2D-74511AF735DF}.Release|Any CPU.Build.0 = Release|Any CPU
		{B77EF2C5-8B6B-4392-94FB-43A1740EA9F9}.Debug|Any CPU.ActiveCfg = Debug|Any CPU
		{B77EF2C5-8B6B-4392-94FB-43A1740EA9F9}.Debug|Any CPU.Build.0 = Debug|Any CPU
		{B77EF2C5-8B6B-4392-94FB-43A1740EA9F9}.Release|Any CPU.ActiveCfg = Release|Any CPU
		{B77EF2C5-8B6B-4392-94FB-43A1740EA9F9}.Release|Any CPU.Build.0 = Release|Any CPU
		{7A0F6D94-E2D2-45DC-B3AD-28FE49C28CAC}.Debug|Any CPU.ActiveCfg = Debug|Any CPU
		{7A0F6D94-E2D2-45DC-B3AD-28FE49C28CAC}.Debug|Any CPU.Build.0 = Debug|Any CPU
		{7A0F6D94-E2D2-45DC-B3AD-28FE49C28CAC}.Release|Any CPU.ActiveCfg = Release|Any CPU
		{7A0F6D94-E2D2-45DC-B3AD-28FE49C28CAC}.Release|Any CPU.Build.0 = Release|Any CPU
		{17920B74-A7AE-4EC8-A756-15D56E017AAE}.Debug|Any CPU.ActiveCfg = Debug|Any CPU
		{17920B74-A7AE-4EC8-A756-15D56E017AAE}.Debug|Any CPU.Build.0 = Debug|Any CPU
		{17920B74-A7AE-4EC8-A756-15D56E017AAE}.Release|Any CPU.ActiveCfg = Release|Any CPU
		{17920B74-A7AE-4EC8-A756-15D56E017AAE}.Release|Any CPU.Build.0 = Release|Any CPU
		{80A27F74-A487-4605-9590-EF1440394AF9}.Debug|Any CPU.ActiveCfg = Debug|Any CPU
		{80A27F74-A487-4605-9590-EF1440394AF9}.Debug|Any CPU.Build.0 = Debug|Any CPU
		{80A27F74-A487-4605-9590-EF1440394AF9}.Release|Any CPU.ActiveCfg = Release|Any CPU
		{80A27F74-A487-4605-9590-EF1440394AF9}.Release|Any CPU.Build.0 = Release|Any CPU
		{2F9FE2E5-48DE-4D89-B2D0-07927C9A4D10}.Debug|Any CPU.ActiveCfg = Debug|Any CPU
		{2F9FE2E5-48DE-4D89-B2D0-07927C9A4D10}.Debug|Any CPU.Build.0 = Debug|Any CPU
		{2F9FE2E5-48DE-4D89-B2D0-07927C9A4D10}.Release|Any CPU.ActiveCfg = Release|Any CPU
		{2F9FE2E5-48DE-4D89-B2D0-07927C9A4D10}.Release|Any CPU.Build.0 = Release|Any CPU
		{31494B8D-2276-4590-AFF4-CFE4CD15B560}.Debug|Any CPU.ActiveCfg = Debug|Any CPU
		{31494B8D-2276-4590-AFF4-CFE4CD15B560}.Debug|Any CPU.Build.0 = Debug|Any CPU
		{31494B8D-2276-4590-AFF4-CFE4CD15B560}.Release|Any CPU.ActiveCfg = Release|Any CPU
		{31494B8D-2276-4590-AFF4-CFE4CD15B560}.Release|Any CPU.Build.0 = Release|Any CPU
		{82B36E25-A4F5-4383-BA09-25068DF58A1D}.Debug|Any CPU.ActiveCfg = Debug|Any CPU
		{82B36E25-A4F5-4383-BA09-25068DF58A1D}.Debug|Any CPU.Build.0 = Debug|Any CPU
		{82B36E25-A4F5-4383-BA09-25068DF58A1D}.Release|Any CPU.ActiveCfg = Release|Any CPU
		{82B36E25-A4F5-4383-BA09-25068DF58A1D}.Release|Any CPU.Build.0 = Release|Any CPU
		{2BFACDC3-F44D-4199-8498-F5C3C4AC0335}.Debug|Any CPU.ActiveCfg = Debug|Any CPU
		{2BFACDC3-F44D-4199-8498-F5C3C4AC0335}.Debug|Any CPU.Build.0 = Debug|Any CPU
		{2BFACDC3-F44D-4199-8498-F5C3C4AC0335}.Release|Any CPU.ActiveCfg = Release|Any CPU
		{2BFACDC3-F44D-4199-8498-F5C3C4AC0335}.Release|Any CPU.Build.0 = Release|Any CPU
		{E461C0A8-8900-485C-B520-E929BA33F712}.Debug|Any CPU.ActiveCfg = Debug|Any CPU
		{E461C0A8-8900-485C-B520-E929BA33F712}.Debug|Any CPU.Build.0 = Debug|Any CPU
		{E461C0A8-8900-485C-B520-E929BA33F712}.Release|Any CPU.ActiveCfg = Release|Any CPU
		{E461C0A8-8900-485C-B520-E929BA33F712}.Release|Any CPU.Build.0 = Release|Any CPU
		{C377E0BD-0696-4A86-BF74-23B382111344}.Debug|Any CPU.ActiveCfg = Debug|Any CPU
		{C377E0BD-0696-4A86-BF74-23B382111344}.Debug|Any CPU.Build.0 = Debug|Any CPU
		{C377E0BD-0696-4A86-BF74-23B382111344}.Release|Any CPU.ActiveCfg = Release|Any CPU
		{C377E0BD-0696-4A86-BF74-23B382111344}.Release|Any CPU.Build.0 = Release|Any CPU
		{1A48C920-8A98-4EE5-B7E0-16B07E4B2395}.Debug|Any CPU.ActiveCfg = Debug|Any CPU
		{1A48C920-8A98-4EE5-B7E0-16B07E4B2395}.Debug|Any CPU.Build.0 = Debug|Any CPU
		{1A48C920-8A98-4EE5-B7E0-16B07E4B2395}.Release|Any CPU.ActiveCfg = Release|Any CPU
		{1A48C920-8A98-4EE5-B7E0-16B07E4B2395}.Release|Any CPU.Build.0 = Release|Any CPU
		{E307ECC0-94F8-46F3-96A9-6EB7E7493A45}.Debug|Any CPU.ActiveCfg = Debug|Any CPU
		{E307ECC0-94F8-46F3-96A9-6EB7E7493A45}.Debug|Any CPU.Build.0 = Debug|Any CPU
		{E307ECC0-94F8-46F3-96A9-6EB7E7493A45}.Release|Any CPU.ActiveCfg = Release|Any CPU
		{E307ECC0-94F8-46F3-96A9-6EB7E7493A45}.Release|Any CPU.Build.0 = Release|Any CPU
		{A082B64A-9473-427F-9AF6-4C49FD602900}.Debug|Any CPU.ActiveCfg = Debug|Any CPU
		{A082B64A-9473-427F-9AF6-4C49FD602900}.Debug|Any CPU.Build.0 = Debug|Any CPU
		{A082B64A-9473-427F-9AF6-4C49FD602900}.Release|Any CPU.ActiveCfg = Release|Any CPU
		{A082B64A-9473-427F-9AF6-4C49FD602900}.Release|Any CPU.Build.0 = Release|Any CPU
		{2C15E651-7511-46B2-A383-5536289DB0C9}.Debug|Any CPU.ActiveCfg = Debug|Any CPU
		{2C15E651-7511-46B2-A383-5536289DB0C9}.Debug|Any CPU.Build.0 = Debug|Any CPU
		{2C15E651-7511-46B2-A383-5536289DB0C9}.Release|Any CPU.ActiveCfg = Release|Any CPU
		{2C15E651-7511-46B2-A383-5536289DB0C9}.Release|Any CPU.Build.0 = Release|Any CPU
		{7F1FF887-E9BA-4A70-A03C-D7B42C14BD68}.Debug|Any CPU.ActiveCfg = Debug|Any CPU
		{7F1FF887-E9BA-4A70-A03C-D7B42C14BD68}.Debug|Any CPU.Build.0 = Debug|Any CPU
		{7F1FF887-E9BA-4A70-A03C-D7B42C14BD68}.Release|Any CPU.ActiveCfg = Release|Any CPU
		{7F1FF887-E9BA-4A70-A03C-D7B42C14BD68}.Release|Any CPU.Build.0 = Release|Any CPU
		{84401D8F-8EB0-4C64-87D3-7DB9D98DBC2E}.Debug|Any CPU.ActiveCfg = Debug|Any CPU
		{84401D8F-8EB0-4C64-87D3-7DB9D98DBC2E}.Debug|Any CPU.Build.0 = Debug|Any CPU
		{84401D8F-8EB0-4C64-87D3-7DB9D98DBC2E}.Release|Any CPU.ActiveCfg = Release|Any CPU
		{84401D8F-8EB0-4C64-87D3-7DB9D98DBC2E}.Release|Any CPU.Build.0 = Release|Any CPU
		{C760D19C-BD26-4BB5-ABD5-D31E939E6388}.Debug|Any CPU.ActiveCfg = Debug|Any CPU
		{C760D19C-BD26-4BB5-ABD5-D31E939E6388}.Debug|Any CPU.Build.0 = Debug|Any CPU
		{C760D19C-BD26-4BB5-ABD5-D31E939E6388}.Release|Any CPU.ActiveCfg = Release|Any CPU
		{C760D19C-BD26-4BB5-ABD5-D31E939E6388}.Release|Any CPU.Build.0 = Release|Any CPU
		{A803E5B9-5878-4271-AEE2-1DC9E3B3997C}.Debug|Any CPU.ActiveCfg = Debug|Any CPU
		{A803E5B9-5878-4271-AEE2-1DC9E3B3997C}.Debug|Any CPU.Build.0 = Debug|Any CPU
		{A803E5B9-5878-4271-AEE2-1DC9E3B3997C}.Release|Any CPU.ActiveCfg = Release|Any CPU
		{A803E5B9-5878-4271-AEE2-1DC9E3B3997C}.Release|Any CPU.Build.0 = Release|Any CPU
		{B3D10BA1-23AD-43CE-8094-B26A81D1E83F}.Debug|Any CPU.ActiveCfg = Debug|Any CPU
		{B3D10BA1-23AD-43CE-8094-B26A81D1E83F}.Debug|Any CPU.Build.0 = Debug|Any CPU
		{B3D10BA1-23AD-43CE-8094-B26A81D1E83F}.Release|Any CPU.ActiveCfg = Release|Any CPU
		{B3D10BA1-23AD-43CE-8094-B26A81D1E83F}.Release|Any CPU.Build.0 = Release|Any CPU
		{756188D8-AAE8-4973-A202-D4C700D71A0A}.Debug|Any CPU.ActiveCfg = Debug|Any CPU
		{756188D8-AAE8-4973-A202-D4C700D71A0A}.Debug|Any CPU.Build.0 = Debug|Any CPU
		{756188D8-AAE8-4973-A202-D4C700D71A0A}.Release|Any CPU.ActiveCfg = Release|Any CPU
		{756188D8-AAE8-4973-A202-D4C700D71A0A}.Release|Any CPU.Build.0 = Release|Any CPU
		{5A9BFBEF-6D8A-4E35-A66A-BCF1B6EB0477}.Debug|Any CPU.ActiveCfg = Debug|Any CPU
		{5A9BFBEF-6D8A-4E35-A66A-BCF1B6EB0477}.Debug|Any CPU.Build.0 = Debug|Any CPU
		{5A9BFBEF-6D8A-4E35-A66A-BCF1B6EB0477}.Release|Any CPU.ActiveCfg = Release|Any CPU
		{5A9BFBEF-6D8A-4E35-A66A-BCF1B6EB0477}.Release|Any CPU.Build.0 = Release|Any CPU
		{BAB87C96-78F6-4CA0-AE7F-C56D14B19EEC}.Debug|Any CPU.ActiveCfg = Debug|Any CPU
		{BAB87C96-78F6-4CA0-AE7F-C56D14B19EEC}.Debug|Any CPU.Build.0 = Debug|Any CPU
		{BAB87C96-78F6-4CA0-AE7F-C56D14B19EEC}.Release|Any CPU.ActiveCfg = Release|Any CPU
		{BAB87C96-78F6-4CA0-AE7F-C56D14B19EEC}.Release|Any CPU.Build.0 = Release|Any CPU
		{412A4B4E-AFEE-477D-92B6-63CE9A25B223}.Debug|Any CPU.ActiveCfg = Debug|Any CPU
		{412A4B4E-AFEE-477D-92B6-63CE9A25B223}.Debug|Any CPU.Build.0 = Debug|Any CPU
		{412A4B4E-AFEE-477D-92B6-63CE9A25B223}.Release|Any CPU.ActiveCfg = Release|Any CPU
		{412A4B4E-AFEE-477D-92B6-63CE9A25B223}.Release|Any CPU.Build.0 = Release|Any CPU
		{5CBF9696-AA63-4FBE-B602-E8D3BE997867}.Debug|Any CPU.ActiveCfg = Debug|Any CPU
		{5CBF9696-AA63-4FBE-B602-E8D3BE997867}.Debug|Any CPU.Build.0 = Debug|Any CPU
		{5CBF9696-AA63-4FBE-B602-E8D3BE997867}.Release|Any CPU.ActiveCfg = Release|Any CPU
		{5CBF9696-AA63-4FBE-B602-E8D3BE997867}.Release|Any CPU.Build.0 = Release|Any CPU
		{74462AC5-7FDE-48CC-A061-D00C66276484}.Debug|Any CPU.ActiveCfg = Debug|Any CPU
		{74462AC5-7FDE-48CC-A061-D00C66276484}.Debug|Any CPU.Build.0 = Debug|Any CPU
		{74462AC5-7FDE-48CC-A061-D00C66276484}.Release|Any CPU.ActiveCfg = Release|Any CPU
		{74462AC5-7FDE-48CC-A061-D00C66276484}.Release|Any CPU.Build.0 = Release|Any CPU
		{86E55BAF-FB7B-4E64-975B-D9131FF83F38}.Debug|Any CPU.ActiveCfg = Debug|Any CPU
		{86E55BAF-FB7B-4E64-975B-D9131FF83F38}.Debug|Any CPU.Build.0 = Debug|Any CPU
		{86E55BAF-FB7B-4E64-975B-D9131FF83F38}.Release|Any CPU.ActiveCfg = Release|Any CPU
		{86E55BAF-FB7B-4E64-975B-D9131FF83F38}.Release|Any CPU.Build.0 = Release|Any CPU
		{48A423D2-39AF-4472-871C-1DE364F58794}.Debug|Any CPU.ActiveCfg = Debug|Any CPU
		{48A423D2-39AF-4472-871C-1DE364F58794}.Debug|Any CPU.Build.0 = Debug|Any CPU
		{48A423D2-39AF-4472-871C-1DE364F58794}.Release|Any CPU.ActiveCfg = Release|Any CPU
		{48A423D2-39AF-4472-871C-1DE364F58794}.Release|Any CPU.Build.0 = Release|Any CPU
		{7B423A87-9AEB-4BB4-B5D9-A41669E7606D}.Debug|Any CPU.ActiveCfg = Debug|Any CPU
		{7B423A87-9AEB-4BB4-B5D9-A41669E7606D}.Debug|Any CPU.Build.0 = Debug|Any CPU
		{7B423A87-9AEB-4BB4-B5D9-A41669E7606D}.Release|Any CPU.ActiveCfg = Release|Any CPU
		{7B423A87-9AEB-4BB4-B5D9-A41669E7606D}.Release|Any CPU.Build.0 = Release|Any CPU
		{12D272A7-C9D9-44BF-B8E6-2DED31A4E36B}.Debug|Any CPU.ActiveCfg = Debug|Any CPU
		{12D272A7-C9D9-44BF-B8E6-2DED31A4E36B}.Debug|Any CPU.Build.0 = Debug|Any CPU
		{12D272A7-C9D9-44BF-B8E6-2DED31A4E36B}.Release|Any CPU.ActiveCfg = Release|Any CPU
		{12D272A7-C9D9-44BF-B8E6-2DED31A4E36B}.Release|Any CPU.Build.0 = Release|Any CPU
		{1B38514E-BE0A-4BA8-821C-D8D7C02F9729}.Debug|Any CPU.ActiveCfg = Debug|Any CPU
		{1B38514E-BE0A-4BA8-821C-D8D7C02F9729}.Debug|Any CPU.Build.0 = Debug|Any CPU
		{1B38514E-BE0A-4BA8-821C-D8D7C02F9729}.Release|Any CPU.ActiveCfg = Release|Any CPU
		{1B38514E-BE0A-4BA8-821C-D8D7C02F9729}.Release|Any CPU.Build.0 = Release|Any CPU
		{D1879F05-9BC9-4C9F-B644-2408951F6451}.Debug|Any CPU.ActiveCfg = Debug|Any CPU
		{D1879F05-9BC9-4C9F-B644-2408951F6451}.Debug|Any CPU.Build.0 = Debug|Any CPU
		{D1879F05-9BC9-4C9F-B644-2408951F6451}.Release|Any CPU.ActiveCfg = Release|Any CPU
		{D1879F05-9BC9-4C9F-B644-2408951F6451}.Release|Any CPU.Build.0 = Release|Any CPU
		{62E4B349-44F2-4A36-ABD2-46F05FD3EA84}.Debug|Any CPU.ActiveCfg = Debug|Any CPU
		{62E4B349-44F2-4A36-ABD2-46F05FD3EA84}.Debug|Any CPU.Build.0 = Debug|Any CPU
		{62E4B349-44F2-4A36-ABD2-46F05FD3EA84}.Release|Any CPU.ActiveCfg = Release|Any CPU
		{62E4B349-44F2-4A36-ABD2-46F05FD3EA84}.Release|Any CPU.Build.0 = Release|Any CPU
		{D90F3F91-22FE-4490-96E7-2101C951EC82}.Debug|Any CPU.ActiveCfg = Debug|Any CPU
		{D90F3F91-22FE-4490-96E7-2101C951EC82}.Debug|Any CPU.Build.0 = Debug|Any CPU
		{D90F3F91-22FE-4490-96E7-2101C951EC82}.Release|Any CPU.ActiveCfg = Release|Any CPU
		{D90F3F91-22FE-4490-96E7-2101C951EC82}.Release|Any CPU.Build.0 = Release|Any CPU
		{504B808E-5CCF-499B-8AE7-2BDEB2240ED4}.Debug|Any CPU.ActiveCfg = Debug|Any CPU
		{504B808E-5CCF-499B-8AE7-2BDEB2240ED4}.Debug|Any CPU.Build.0 = Debug|Any CPU
		{504B808E-5CCF-499B-8AE7-2BDEB2240ED4}.Release|Any CPU.ActiveCfg = Release|Any CPU
		{504B808E-5CCF-499B-8AE7-2BDEB2240ED4}.Release|Any CPU.Build.0 = Release|Any CPU
		{43AAB973-884E-4D08-80DF-ED0906CC6395}.Debug|Any CPU.ActiveCfg = Debug|Any CPU
		{43AAB973-884E-4D08-80DF-ED0906CC6395}.Debug|Any CPU.Build.0 = Debug|Any CPU
		{43AAB973-884E-4D08-80DF-ED0906CC6395}.Release|Any CPU.ActiveCfg = Release|Any CPU
		{43AAB973-884E-4D08-80DF-ED0906CC6395}.Release|Any CPU.Build.0 = Release|Any CPU
		{FB1A2BA7-C5BC-42D7-B934-CE36A3247C4D}.Debug|Any CPU.ActiveCfg = Debug|Any CPU
		{FB1A2BA7-C5BC-42D7-B934-CE36A3247C4D}.Debug|Any CPU.Build.0 = Debug|Any CPU
		{FB1A2BA7-C5BC-42D7-B934-CE36A3247C4D}.Release|Any CPU.ActiveCfg = Release|Any CPU
		{FB1A2BA7-C5BC-42D7-B934-CE36A3247C4D}.Release|Any CPU.Build.0 = Release|Any CPU
		{1B9F19E0-C193-484F-8C29-00ABC091B733}.Debug|Any CPU.ActiveCfg = Debug|Any CPU
		{1B9F19E0-C193-484F-8C29-00ABC091B733}.Debug|Any CPU.Build.0 = Debug|Any CPU
		{1B9F19E0-C193-484F-8C29-00ABC091B733}.Release|Any CPU.ActiveCfg = Release|Any CPU
		{1B9F19E0-C193-484F-8C29-00ABC091B733}.Release|Any CPU.Build.0 = Release|Any CPU
	EndGlobalSection
	GlobalSection(SolutionProperties) = preSolution
		HideSolutionNode = FALSE
	EndGlobalSection
	GlobalSection(NestedProjects) = preSolution
		{2C0C9673-CE2B-4018-B860-2E98D20EF63B} = {FC4CCCBA-CD8B-44FA-A0DD-684A65E7512E}
		{F002A949-3D2D-4F93-982C-7AD7E28B66EB} = {FC4CCCBA-CD8B-44FA-A0DD-684A65E7512E}
		{EF0F9AD5-4E68-4CAC-895E-A9FF44F8618B} = {DCF38367-F858-4AB1-9B30-F7625869C1A2}
		{B7990B6A-6091-4739-B270-2229C2944C6A} = {EF0F9AD5-4E68-4CAC-895E-A9FF44F8618B}
		{8FBF3980-1187-43AD-BE45-7417A9ED5EE9} = {DCF38367-F858-4AB1-9B30-F7625869C1A2}
		{093D59F4-7D13-4317-BCA0-FD34774E8C74} = {8FBF3980-1187-43AD-BE45-7417A9ED5EE9}
		{219A92EC-B55B-4F68-BED7-6CFE287AA0B4} = {DCF38367-F858-4AB1-9B30-F7625869C1A2}
		{4766AF74-1AF7-47E1-B665-D9E1C0D7A7AF} = {219A92EC-B55B-4F68-BED7-6CFE287AA0B4}
		{44108CF4-5507-4DCD-9E0C-6E59332FC9FF} = {219A92EC-B55B-4F68-BED7-6CFE287AA0B4}
		{60D61D93-8552-47CD-A5CC-F005ECA4BF57} = {D8A602B3-F243-41AA-AFCF-BEC6D45212FC}
		{68DECC95-05B4-4221-8E77-A7D3E1FE2741} = {F72F9A0B-412E-44BF-9F45-7259526FE078}
		{8CA07C22-CE5D-4B5D-A6BF-A5127F7CA407} = {F72F9A0B-412E-44BF-9F45-7259526FE078}
		{5CCCB071-27AB-40B7-A636-F0ECDC8A1F78} = {8CA07C22-CE5D-4B5D-A6BF-A5127F7CA407}
		{F149F543-563E-47C9-996A-A3E8ECE32B22} = {8CA07C22-CE5D-4B5D-A6BF-A5127F7CA407}
		{33AFB6E2-EE43-4628-9890-DFABCACC6C88} = {4AF6E87A-23E9-4006-ADFB-81A19B08EAEE}
		{BE669E9F-F81D-4C15-B7D9-89C512E1EF85} = {4AF6E87A-23E9-4006-ADFB-81A19B08EAEE}
		{85D13EB8-CA26-4C3C-89EC-53CBFD1B1773} = {BE669E9F-F81D-4C15-B7D9-89C512E1EF85}
		{71C37442-09AD-4D4F-BC4E-1E5557F80759} = {BE669E9F-F81D-4C15-B7D9-89C512E1EF85}
		{68A0DDF7-D3AC-483A-A9BB-D782B85B9222} = {66FCE02F-B1B7-4210-80F4-A41CAEAA355A}
		{2A007B93-6E7E-4DEE-80F6-905189919C2C} = {68A0DDF7-D3AC-483A-A9BB-D782B85B9222}
		{B0431F63-D710-4E4B-AD2D-74511AF735DF} = {68A0DDF7-D3AC-483A-A9BB-D782B85B9222}
		{B77EF2C5-8B6B-4392-94FB-43A1740EA9F9} = {68A0DDF7-D3AC-483A-A9BB-D782B85B9222}
		{7A0F6D94-E2D2-45DC-B3AD-28FE49C28CAC} = {68A0DDF7-D3AC-483A-A9BB-D782B85B9222}
		{17920B74-A7AE-4EC8-A756-15D56E017AAE} = {7B6ACF3C-77EE-4EAA-A060-D525C19699F3}
		{014F87C3-C0EF-4ADE-9E63-FC037DFD9E40} = {7B6ACF3C-77EE-4EAA-A060-D525C19699F3}
		{80A27F74-A487-4605-9590-EF1440394AF9} = {014F87C3-C0EF-4ADE-9E63-FC037DFD9E40}
		{2F9FE2E5-48DE-4D89-B2D0-07927C9A4D10} = {014F87C3-C0EF-4ADE-9E63-FC037DFD9E40}
		{31494B8D-2276-4590-AFF4-CFE4CD15B560} = {5CBE8D8E-D680-496E-B712-4F28EC9EC0F9}
		{82B36E25-A4F5-4383-BA09-25068DF58A1D} = {5CBE8D8E-D680-496E-B712-4F28EC9EC0F9}
		{2BFACDC3-F44D-4199-8498-F5C3C4AC0335} = {646C337D-1FF0-49C7-BA25-4449E1ADBB99}
		{E461C0A8-8900-485C-B520-E929BA33F712} = {646C337D-1FF0-49C7-BA25-4449E1ADBB99}
		{C377E0BD-0696-4A86-BF74-23B382111344} = {5CBE8D8E-D680-496E-B712-4F28EC9EC0F9}
		{1A48C920-8A98-4EE5-B7E0-16B07E4B2395} = {5CBE8D8E-D680-496E-B712-4F28EC9EC0F9}
		{E307ECC0-94F8-46F3-96A9-6EB7E7493A45} = {A03D0EC1-E786-4270-9546-72A39DB338FB}
		{A082B64A-9473-427F-9AF6-4C49FD602900} = {D8A602B3-F243-41AA-AFCF-BEC6D45212FC}
		{7F6009A2-4B5B-4E4C-91AA-81B013EC3D25} = {A03D0EC1-E786-4270-9546-72A39DB338FB}
		{2C15E651-7511-46B2-A383-5536289DB0C9} = {7F6009A2-4B5B-4E4C-91AA-81B013EC3D25}
		{7F1FF887-E9BA-4A70-A03C-D7B42C14BD68} = {D8A602B3-F243-41AA-AFCF-BEC6D45212FC}
		{84401D8F-8EB0-4C64-87D3-7DB9D98DBC2E} = {C54B1647-3827-49AC-A05C-9C7669BD20BD}
		{2B1E028D-D3D5-469B-A9EF-0E7AED71E507} = {C54B1647-3827-49AC-A05C-9C7669BD20BD}
		{C760D19C-BD26-4BB5-ABD5-D31E939E6388} = {2B1E028D-D3D5-469B-A9EF-0E7AED71E507}
		{A803E5B9-5878-4271-AEE2-1DC9E3B3997C} = {B18E51AF-1F5C-41DD-80CF-410AA511E34D}
		{3E7CD04B-735E-4200-9528-78DEEEC8DA98} = {B18E51AF-1F5C-41DD-80CF-410AA511E34D}
		{B3D10BA1-23AD-43CE-8094-B26A81D1E83F} = {3E7CD04B-735E-4200-9528-78DEEEC8DA98}
		{756188D8-AAE8-4973-A202-D4C700D71A0A} = {B18E51AF-1F5C-41DD-80CF-410AA511E34D}
		{5A9BFBEF-6D8A-4E35-A66A-BCF1B6EB0477} = {D8A602B3-F243-41AA-AFCF-BEC6D45212FC}
		{BAB87C96-78F6-4CA0-AE7F-C56D14B19EEC} = {C6B3834A-4A4E-4671-8661-C0FF17E82A1F}
		{412A4B4E-AFEE-477D-92B6-63CE9A25B223} = {D8A602B3-F243-41AA-AFCF-BEC6D45212FC}
		{5CBF9696-AA63-4FBE-B602-E8D3BE997867} = {F06499BB-5C0B-4028-A8D1-57255BF8138A}
		{0E9FB375-BCEF-419F-8776-7A4456D92B82} = {F06499BB-5C0B-4028-A8D1-57255BF8138A}
		{74462AC5-7FDE-48CC-A061-D00C66276484} = {0E9FB375-BCEF-419F-8776-7A4456D92B82}
		{86E55BAF-FB7B-4E64-975B-D9131FF83F38} = {976C5F49-EB60-4543-9439-DDE04B129D63}
		{48A423D2-39AF-4472-871C-1DE364F58794} = {976C5F49-EB60-4543-9439-DDE04B129D63}
		{7B423A87-9AEB-4BB4-B5D9-A41669E7606D} = {1A3E00B5-F632-448D-83ED-DC43843EA6C3}
		{12D272A7-C9D9-44BF-B8E6-2DED31A4E36B} = {1A3E00B5-F632-448D-83ED-DC43843EA6C3}
		{CF199782-561E-46C9-987D-9271C03F2DB0} = {1A3E00B5-F632-448D-83ED-DC43843EA6C3}
		{1B38514E-BE0A-4BA8-821C-D8D7C02F9729} = {CF199782-561E-46C9-987D-9271C03F2DB0}
		{D1879F05-9BC9-4C9F-B644-2408951F6451} = {CF199782-561E-46C9-987D-9271C03F2DB0}
		{B6CCEF85-3BDD-4F09-AB0C-9609A12CDBA9} = {1A3E00B5-F632-448D-83ED-DC43843EA6C3}
		{62E4B349-44F2-4A36-ABD2-46F05FD3EA84} = {B6CCEF85-3BDD-4F09-AB0C-9609A12CDBA9}
		{D90F3F91-22FE-4490-96E7-2101C951EC82} = {CF199782-561E-46C9-987D-9271C03F2DB0}
		{504B808E-5CCF-499B-8AE7-2BDEB2240ED4} = {408EEE17-4D92-41AA-A438-E7BB7A2A46DE}
		{43AAB973-884E-4D08-80DF-ED0906CC6395} = {408EEE17-4D92-41AA-A438-E7BB7A2A46DE}
		{FB1A2BA7-C5BC-42D7-B934-CE36A3247C4D} = {408EEE17-4D92-41AA-A438-E7BB7A2A46DE}
		{1B9F19E0-C193-484F-8C29-00ABC091B733} = {408EEE17-4D92-41AA-A438-E7BB7A2A46DE}
	EndGlobalSection
	GlobalSection(ExtensibilityGlobals) = postSolution
		SolutionGuid = {2557AB8E-7E21-41F1-B39D-0460303551DA}
	EndGlobalSection
EndGlobal
